
Microsoft Visual Studio Solution File, Format Version 12.00
# Visual Studio Version 16
VisualStudioVersion = 16.0.29102.190
MinimumVisualStudioVersion = 10.0.40219.1
Project("{9A19103F-16F7-4668-BE54-9A1E7A4F7556}") = "RandomPhotos.UI", "RandomPhotos.UI\RandomPhotos.UI.csproj", "{99991BC0-E048-42BE-BFE6-C4B2E372E54C}"
EndProject
Project("{FAE04EC0-301F-11D3-BF4B-00C04F79EFBC}") = "RandomPhotos.iOS", "RandomPhotos.iOS\RandomPhotos.iOS.csproj", "{CF8E6EAC-CEEC-4469-8A89-97E87A3B1785}"
EndProject
Project("{FAE04EC0-301F-11D3-BF4B-00C04F79EFBC}") = "RandomPhotos.Android", "RandomPhotos.Android\RandomPhotos.Android.csproj", "{692ED192-A4FA-4425-A3FF-307A9B140242}"
EndProject
Global
	GlobalSection(SolutionConfigurationPlatforms) = preSolution
		Debug|Any CPU = Debug|Any CPU
		Debug|iPhone = Debug|iPhone
		Debug|iPhoneSimulator = Debug|iPhoneSimulator
		Release|Any CPU = Release|Any CPU
		Release|iPhone = Release|iPhone
		Release|iPhoneSimulator = Release|iPhoneSimulator
	EndGlobalSection
	GlobalSection(ProjectConfigurationPlatforms) = postSolution
		{99991BC0-E048-42BE-BFE6-C4B2E372E54C}.Debug|Any CPU.ActiveCfg = Debug|Any CPU
		{99991BC0-E048-42BE-BFE6-C4B2E372E54C}.Debug|Any CPU.Build.0 = Debug|Any CPU
		{99991BC0-E048-42BE-BFE6-C4B2E372E54C}.Debug|iPhone.ActiveCfg = Debug|Any CPU
		{99991BC0-E048-42BE-BFE6-C4B2E372E54C}.Debug|iPhone.Build.0 = Debug|Any CPU
		{99991BC0-E048-42BE-BFE6-C4B2E372E54C}.Debug|iPhoneSimulator.ActiveCfg = Debug|Any CPU
		{99991BC0-E048-42BE-BFE6-C4B2E372E54C}.Debug|iPhoneSimulator.Build.0 = Debug|Any CPU
		{99991BC0-E048-42BE-BFE6-C4B2E372E54C}.Release|Any CPU.ActiveCfg = Release|Any CPU
		{99991BC0-E048-42BE-BFE6-C4B2E372E54C}.Release|Any CPU.Build.0 = Release|Any CPU
		{99991BC0-E048-42BE-BFE6-C4B2E372E54C}.Release|iPhone.ActiveCfg = Release|Any CPU
		{99991BC0-E048-42BE-BFE6-C4B2E372E54C}.Release|iPhone.Build.0 = Release|Any CPU
		{99991BC0-E048-42BE-BFE6-C4B2E372E54C}.Release|iPhoneSimulator.ActiveCfg = Release|Any CPU
		{99991BC0-E048-42BE-BFE6-C4B2E372E54C}.Release|iPhoneSimulator.Build.0 = Release|Any CPU
		{CF8E6EAC-CEEC-4469-8A89-97E87A3B1785}.Debug|Any CPU.ActiveCfg = Debug|iPhone
		{CF8E6EAC-CEEC-4469-8A89-97E87A3B1785}.Debug|iPhone.ActiveCfg = Debug|iPhone
		{CF8E6EAC-CEEC-4469-8A89-97E87A3B1785}.Debug|iPhone.Build.0 = Debug|iPhone
		{CF8E6EAC-CEEC-4469-8A89-97E87A3B1785}.Debug|iPhoneSimulator.ActiveCfg = Debug|iPhoneSimulator
		{CF8E6EAC-CEEC-4469-8A89-97E87A3B1785}.Debug|iPhoneSimulator.Build.0 = Debug|iPhoneSimulator
		{CF8E6EAC-CEEC-4469-8A89-97E87A3B1785}.Release|Any CPU.ActiveCfg = Release|iPhone
		{CF8E6EAC-CEEC-4469-8A89-97E87A3B1785}.Release|iPhone.ActiveCfg = Release|iPhone
		{CF8E6EAC-CEEC-4469-8A89-97E87A3B1785}.Release|iPhone.Build.0 = Release|iPhone
		{CF8E6EAC-CEEC-4469-8A89-97E87A3B1785}.Release|iPhoneSimulator.ActiveCfg = Release|iPhoneSimulator
		{CF8E6EAC-CEEC-4469-8A89-97E87A3B1785}.Release|iPhoneSimulator.Build.0 = Release|iPhoneSimulator
		{692ED192-A4FA-4425-A3FF-307A9B140242}.Debug|Any CPU.ActiveCfg = Debug|Any CPU
		{692ED192-A4FA-4425-A3FF-307A9B140242}.Debug|Any CPU.Build.0 = Debug|Any CPU
		{692ED192-A4FA-4425-A3FF-307A9B140242}.Debug|Any CPU.Deploy.0 = Debug|Any CPU
		{692ED192-A4FA-4425-A3FF-307A9B140242}.Debug|iPhone.ActiveCfg = Debug|Any CPU
		{692ED192-A4FA-4425-A3FF-307A9B140242}.Debug|iPhone.Build.0 = Debug|Any CPU
		{692ED192-A4FA-4425-A3FF-307A9B140242}.Debug|iPhone.Deploy.0 = Debug|Any CPU
		{692ED192-A4FA-4425-A3FF-307A9B140242}.Debug|iPhoneSimulator.ActiveCfg = Debug|Any CPU
		{692ED192-A4FA-4425-A3FF-307A9B140242}.Debug|iPhoneSimulator.Build.0 = Debug|Any CPU
		{692ED192-A4FA-4425-A3FF-307A9B140242}.Debug|iPhoneSimulator.Deploy.0 = Debug|Any CPU
		{692ED192-A4FA-4425-A3FF-307A9B140242}.Release|Any CPU.ActiveCfg = Release|Any CPU
		{692ED192-A4FA-4425-A3FF-307A9B140242}.Release|Any CPU.Build.0 = Release|Any CPU
		{692ED192-A4FA-4425-A3FF-307A9B140242}.Release|Any CPU.Deploy.0 = Release|Any CPU
		{692ED192-A4FA-4425-A3FF-307A9B140242}.Release|iPhone.ActiveCfg = Release|Any CPU
		{692ED192-A4FA-4425-A3FF-307A9B140242}.Release|iPhone.Build.0 = Release|Any CPU
		{692ED192-A4FA-4425-A3FF-307A9B140242}.Release|iPhone.Deploy.0 = Release|Any CPU
		{692ED192-A4FA-4425-A3FF-307A9B140242}.Release|iPhoneSimulator.ActiveCfg = Release|Any CPU
		{692ED192-A4FA-4425-A3FF-307A9B140242}.Release|iPhoneSimulator.Build.0 = Release|Any CPU
		{692ED192-A4FA-4425-A3FF-307A9B140242}.Release|iPhoneSimulator.Deploy.0 = Release|Any CPU
	EndGlobalSection
	GlobalSection(SolutionProperties) = preSolution
		HideSolutionNode = FALSE
	EndGlobalSection
	GlobalSection(ExtensibilityGlobals) = postSolution
		SolutionGuid = {D677C26F-3595-4E37-856C-4D6E680E1790}
	EndGlobalSection
EndGlobal
